
Microsoft Visual Studio Solution File, Format Version 12.00
Project("{FAE04EC0-301F-11D3-BF4B-00C04F79EFBC}") = "WpfApplication1", "WpfApplication1\WpfApplication1.csproj", "{1CFC1994-EF73-4EA8-B549-B60A17046EDE}"
EndProject
Global
	GlobalSection(SolutionConfigurationPlatforms) = preSolution
		Debug|Any CPU = Debug|Any CPU
		Release|Any CPU = Release|Any CPU
	EndGlobalSection
	GlobalSection(ProjectConfigurationPlatforms) = postSolution
		{1CFC1994-EF73-4EA8-B549-B60A17046EDE}.Debug|Any CPU.ActiveCfg = Debug|Any CPU
		{1CFC1994-EF73-4EA8-B549-B60A17046EDE}.Debug|Any CPU.Build.0 = Debug|Any CPU
		{1CFC1994-EF73-4EA8-B549-B60A17046EDE}.Release|Any CPU.ActiveCfg = Release|Any CPU
		{1CFC1994-EF73-4EA8-B549-B60A17046EDE}.Release|Any CPU.Build.0 = Release|Any CPU
	EndGlobalSection
EndGlobal
